dependencies:
- name: common
  repository: https://charts.bitnami.com/bitnami/
  version: 2.4.0
- name: mongodb
  repository: https://charts.bitnami.com/bitnami/
  version: 13.9.4
digest: sha256:c8c9b51598c1ae795524f8eae3fb0271245538e6a4bec24fc5f78cb0eae77103
generated: "2023-06-25T01:18:22.377927918Z"
