dependencies:
- name: common
  repository: https://charts.bitnami.com/bitnami/
  version: 2.4.0
- name: mariadb
  repository: https://charts.bitnami.com/bitnami/
  version: 11.5.7
digest: sha256:bd7518f6914addf7ca9670f3b61e37cb40599d5a5df01754b63f65163939863c
generated: "2023-06-25T01:19:10.267082536Z"
