dependencies:
- name: common
  repository: https://charts.bitnami.com/bitnami/
  version: 2.2.4
- name: mariadb
  repository: https://charts.bitnami.com/bitnami/
  version: 12.2.5
digest: sha256:68468d29c961df03628fe68457d868002fad090d4e690de8e802f9dafee36a00
generated: "2023-06-25T01:19:48.578596704Z"
